// !$*UTF8*$!
{
	archiveVersion = 1;
	classes = {
	};
	objectVersion = 50;
	objects = {

/* Begin PBXBuildFile section */
		235A8F6624CF257800D0C5FB /* Address+CoreDataClass.swift in Sources */ = {isa = PBXBuildFile; fileRef = 235A8F6224CF257800D0C5FB /* Address+CoreDataClass.swift */; };
		235A8F6824CF257800D0C5FB /* Contact+CoreDataClass.swift in Sources */ = {isa = PBXBuildFile; fileRef = 235A8F6424CF257800D0C5FB /* Contact+CoreDataClass.swift */; };
		235A8F7C24CF68CF00D0C5FB /* Address+CoreDataProperties.swift in Sources */ = {isa = PBXBuildFile; fileRef = 235A8F7A24CF68CF00D0C5FB /* Address+CoreDataProperties.swift */; };
		235A8F7D24CF68CF00D0C5FB /* Contact+CoreDataProperties.swift in Sources */ = {isa = PBXBuildFile; fileRef = 235A8F7B24CF68CF00D0C5FB /* Contact+CoreDataProperties.swift */; };
		23CFA35624CA09FE00A922CA /* AppDelegate.swift in Sources */ = {isa = PBXBuildFile; fileRef = 23CFA35524CA09FE00A922CA /* AppDelegate.swift */; };
		23CFA35824CA09FE00A922CA /* SceneDelegate.swift in Sources */ = {isa = PBXBuildFile; fileRef = 23CFA35724CA09FE00A922CA /* SceneDelegate.swift */; };
		23CFA35B24CA09FE00A922CA /* CoreDataFun.xcdatamodeld in Sources */ = {isa = PBXBuildFile; fileRef = 23CFA35924CA09FE00A922CA /* CoreDataFun.xcdatamodeld */; };
		23CFA35D24CA09FE00A922CA /* ContentView.swift in Sources */ = {isa = PBXBuildFile; fileRef = 23CFA35C24CA09FE00A922CA /* ContentView.swift */; };
		23CFA35F24CA09FF00A922CA /* Assets.xcassets in Resources */ = {isa = PBXBuildFile; fileRef = 23CFA35E24CA09FF00A922CA /* Assets.xcassets */; };
		23CFA36224CA09FF00A922CA /* Preview Assets.xcassets in Resources */ = {isa = PBXBuildFile; fileRef = 23CFA36124CA09FF00A922CA /* Preview Assets.xcassets */; };
		23CFA36524CA09FF00A922CA /* LaunchScreen.storyboard in Resources */ = {isa = PBXBuildFile; fileRef = 23CFA36324CA09FF00A922CA /* LaunchScreen.storyboard */; };
/* End PBXBuildFile section */

/* Begin PBXFileReference section */
		235A8F6224CF257800D0C5FB /* Address+CoreDataClass.swift */ = {isa = PBXFileReference; lastKnownFileType = sourcecode.swift; path = "Address+CoreDataClass.swift"; sourceTree = "<group>"; };
		235A8F6424CF257800D0C5FB /* Contact+CoreDataClass.swift */ = {isa = PBXFileReference; lastKnownFileType = sourcecode.swift; path = "Contact+CoreDataClass.swift"; sourceTree = "<group>"; };
		235A8F7A24CF68CF00D0C5FB /* Address+CoreDataProperties.swift */ = {isa = PBXFileReference; lastKnownFileType = sourcecode.swift; path = "Address+CoreDataProperties.swift"; sourceTree = "<group>"; };
		235A8F7B24CF68CF00D0C5FB /* Contact+CoreDataProperties.swift */ = {isa = PBXFileReference; lastKnownFileType = sourcecode.swift; path = "Contact+CoreDataProperties.swift"; sourceTree = "<group>"; };
		23CFA35224CA09FE00A922CA /* CoreDataFun.app */ = {isa = PBXFileReference; explicitFileType = wrapper.application; includeInIndex = 0; path = CoreDataFun.app; sourceTree = BUILT_PRODUCTS_DIR; };
		23CFA35524CA09FE00A922CA /* AppDelegate.swift */ = {isa = PBXFileReference; lastKnownFileType = sourcecode.swift; path = AppDelegate.swift; sourceTree = "<group>"; };
		23CFA35724CA09FE00A922CA /* SceneDelegate.swift */ = {isa = PBXFileReference; lastKnownFileType = sourcecode.swift; path = SceneDelegate.swift; sourceTree = "<group>"; };
		23CFA35A24CA09FE00A922CA /* CoreDataFun.xcdatamodel */ = {isa = PBXFileReference; lastKnownFileType = wrapper.xcdatamodel; path = CoreDataFun.xcdatamodel; sourceTree = "<group>"; };
		23CFA35C24CA09FE00A922CA /* ContentView.swift */ = {isa = PBXFileReference; lastKnownFileType = sourcecode.swift; path = ContentView.swift; sourceTree = "<group>"; };
		23CFA35E24CA09FF00A922CA /* Assets.xcassets */ = {isa = PBXFileReference; lastKnownFileType = folder.assetcatalog; path = Assets.xcassets; sourceTree = "<group>"; };
		23CFA36124CA09FF00A922CA /* Preview Assets.xcassets */ = {isa = PBXFileReference; lastKnownFileType = folder.assetcatalog; path = "Preview Assets.xcassets"; sourceTree = "<group>"; };
		23CFA36424CA09FF00A922CA /* Base */ = {isa = PBXFileReference; lastKnownFileType = file.storyboard; name = Base; path = Base.lproj/LaunchScreen.storyboard; sourceTree = "<group>"; };
		23CFA36624CA09FF00A922CA /* Info.plist */ = {isa = PBXFileReference; lastKnownFileType = text.plist.xml; path = Info.plist; sourceTree = "<group>"; };
/* End PBXFileReference section */

/* Begin PBXFrameworksBuildPhase section */
		23CFA34F24CA09FE00A922CA /* Frameworks */ = {
			isa = PBXFrameworksBuildPhase;
			buildActionMask = 2147483647;
			files = (
			);
			runOnlyForDeploymentPostprocessing = 0;
		};
/* End PBXFrameworksBuildPhase section */

/* Begin PBXGroup section */
		23CFA34924CA09FE00A922CA = {
			isa = PBXGroup;
			children = (
				235A8F7A24CF68CF00D0C5FB /* Address+CoreDataProperties.swift */,
				235A8F7B24CF68CF00D0C5FB /* Contact+CoreDataProperties.swift */,
				235A8F6224CF257800D0C5FB /* Address+CoreDataClass.swift */,
				235A8F6424CF257800D0C5FB /* Contact+CoreDataClass.swift */,
				23CFA35424CA09FE00A922CA /* CoreDataFun */,
				23CFA35324CA09FE00A922CA /* Products */,
			);
			sourceTree = "<group>";
		};
		23CFA35324CA09FE00A922CA /* Products */ = {
			isa = PBXGroup;
			children = (
				23CFA35224CA09FE00A922CA /* CoreDataFun.app */,
			);
			name = Products;
			sourceTree = "<group>";
		};
		23CFA35424CA09FE00A922CA /* CoreDataFun */ = {
			isa = PBXGroup;
			children = (
				23CFA35524CA09FE00A922CA /* AppDelegate.swift */,
				23CFA35724CA09FE00A922CA /* SceneDelegate.swift */,
				23CFA35C24CA09FE00A922CA /* ContentView.swift */,
				23CFA35E24CA09FF00A922CA /* Assets.xcassets */,
				23CFA36324CA09FF00A922CA /* LaunchScreen.storyboard */,
				23CFA36624CA09FF00A922CA /* Info.plist */,
				23CFA35924CA09FE00A922CA /* CoreDataFun.xcdatamodeld */,
				23CFA36024CA09FF00A922CA /* Preview Content */,
			);
			path = CoreDataFun;
			sourceTree = "<group>";
		};
		23CFA36024CA09FF00A922CA /* Preview Content */ = {
			isa = PBXGroup;
			children = (
				23CFA36124CA09FF00A922CA /* Preview Assets.xcassets */,
			);
			path = "Preview Content";
			sourceTree = "<group>";
		};
/* End PBXGroup section */

/* Begin PBXNativeTarget section */
		23CFA35124CA09FE00A922CA /* CoreDataFun */ = {
			isa = PBXNativeTarget;
			buildConfigurationList = 23CFA36924CA09FF00A922CA /* Build configuration list for PBXNativeTarget "CoreDataFun" */;
			buildPhases = (
				23CFA34E24CA09FE00A922CA /* Sources */,
				23CFA34F24CA09FE00A922CA /* Frameworks */,
				23CFA35024CA09FE00A922CA /* Resources */,
			);
			buildRules = (
			);
			dependencies = (
			);
			name = CoreDataFun;
			productName = CoreDataFun;
			productReference = 23CFA35224CA09FE00A922CA /* CoreDataFun.app */;
			productType = "com.apple.product-type.application";
		};
/* End PBXNativeTarget section */

/* Begin PBXProject section */
		23CFA34A24CA09FE00A922CA /* Project object */ = {
			isa = PBXProject;
			attributes = {
				LastSwiftUpdateCheck = 1160;
				LastUpgradeCheck = 1160;
				ORGANIZATIONNAME = Cal30;
				TargetAttributes = {
					23CFA35124CA09FE00A922CA = {
						CreatedOnToolsVersion = 11.6;
					};
				};
			};
			buildConfigurationList = 23CFA34D24CA09FE00A922CA /* Build configuration list for PBXProject "CoreDataFun" */;
			compatibilityVersion = "Xcode 9.3";
			developmentRegion = en;
			hasScannedForEncodings = 0;
			knownRegions = (
				en,
				Base,
			);
			mainGroup = 23CFA34924CA09FE00A922CA;
			productRefGroup = 23CFA35324CA09FE00A922CA /* Products */;
			projectDirPath = "";
			projectRoot = "";
			targets = (
				23CFA35124CA09FE00A922CA /* CoreDataFun */,
			);
		};
/* End PBXProject section */

/* Begin PBXResourcesBuildPhase section */
		23CFA35024CA09FE00A922CA /* Resources */ = {
			isa = PBXResourcesBuildPhase;
			buildActionMask = 2147483647;
			files = (
				23CFA36524CA09FF00A922CA /* LaunchScreen.storyboard in Resources */,
				23CFA36224CA09FF00A922CA /* Preview Assets.xcassets in Resources */,
				23CFA35F24CA09FF00A922CA /* Assets.xcassets in Resources */,
			);
			runOnlyForDeploymentPostprocessing = 0;
		};
/* End PBXResourcesBuildPhase section */

/* Begin PBXSourcesBuildPhase section */
		23CFA34E24CA09FE00A922CA /* Sources */ = {
			isa = PBXSourcesBuildPhase;
			buildActionMask = 2147483647;
			files = (
				23CFA35B24CA09FE00A922CA /* CoreDataFun.xcdatamodeld in Sources */,
				235A8F6824CF257800D0C5FB /* Contact+CoreDataClass.swift in Sources */,
				23CFA35624CA09FE00A922CA /* AppDelegate.swift in Sources */,
				235A8F6624CF257800D0C5FB /* Address+CoreDataClass.swift in Sources */,
				23CFA35D24CA09FE00A922CA /* ContentView.swift in Sources */,
				23CFA35824CA09FE00A922CA /* SceneDelegate.swift in Sources */,
				235A8F7D24CF68CF00D0C5FB /* Contact+CoreDataProperties.swift in Sources */,
				235A8F7C24CF68CF00D0C5FB /* Address+CoreDataProperties.swift in Sources */,
			);
			runOnlyForDeploymentPostprocessing = 0;
		};
/* End PBXSourcesBuildPhase section */

/* Begin PBXVariantGroup section */
		23CFA36324CA09FF00A922CA /* LaunchScreen.storyboard */ = {
			isa = PBXVariantGroup;
			children = (
				23CFA36424CA09FF00A922CA /* Base */,
			);
			name = LaunchScreen.storyboard;
			sourceTree = "<group>";
		};
/* End PBXVariantGroup section */

/* Begin XCBuildConfiguration section */
		23CFA36724CA09FF00A922CA /* Debug */ = {
			isa = XCBuildConfiguration;
			buildSettings = {
				ALWAYS_SEARCH_USER_PATHS = NO;
				CLANG_ANALYZER_NONNULL = YES;
				CLANG_ANALYZER_NUMBER_OBJECT_CONVERSION = YES_AGGRESSIVE;
				CLANG_CXX_LANGUAGE_STANDARD = "gnu++14";
				CLANG_CXX_LIBRARY = "libc++";
				CLANG_ENABLE_MODULES = YES;
				CLANG_ENABLE_OBJC_ARC = YES;
				CLANG_ENABLE_OBJC_WEAK = YES;
				CLANG_WARN_BLOCK_CAPTURE_AUTORELEASING = YES;
				CLANG_WARN_BOOL_CONVERSION = YES;
				CLANG_WARN_COMMA = YES;
				CLANG_WARN_CONSTANT_CONVERSION = YES;
				CLANG_WARN_DEPRECATED_OBJC_IMPLEMENTATIONS = YES;
				CLANG_WARN_DIRECT_OBJC_ISA_USAGE = YES_ERROR;
				CLANG_WARN_DOCUMENTATION_COMMENTS = YES;
				CLANG_WARN_EMPTY_BODY = YES;
				CLANG_WARN_ENUM_CONVERSION = YES;
				CLANG_WARN_INFINITE_RECURSION = YES;
				CLANG_WARN_INT_CONVERSION = YES;
				CLANG_WARN_NON_LITERAL_NULL_CONVERSION = YES;
				CLANG_WARN_OBJC_IMPLICIT_RETAIN_SELF = YES;
				CLANG_WARN_OBJC_LITERAL_CONVERSION = YES;
				CLANG_WARN_OBJC_ROOT_CLASS = YES_ERROR;
				CLANG_WARN_RANGE_LOOP_ANALYSIS = YES;
				CLANG_WARN_STRICT_PROTOTYPES = YES;
				CLANG_WARN_SUSPICIOUS_MOVE = YES;
				CLANG_WARN_UNGUARDED_AVAILABILITY = YES_AGGRESSIVE;
				CLANG_WARN_UNREACHABLE_CODE = YES;
				CLANG_WARN__DUPLICATE_METHOD_MATCH = YES;
				COPY_PHASE_STRIP = NO;
				DEBUG_INFORMATION_FORMAT = dwarf;
				ENABLE_STRICT_OBJC_MSGSEND = YES;
				ENABLE_TESTABILITY = YES;
				GCC_C_LANGUAGE_STANDARD = gnu11;
				GCC_DYNAMIC_NO_PIC = NO;
				GCC_NO_COMMON_BLOCKS = YES;
				GCC_OPTIMIZATION_LEVEL = 0;
				GCC_PREPROCESSOR_DEFINITIONS = (
					"DEBUG=1",
					"$(inherited)",
				);
				GCC_WARN_64_TO_32_BIT_CONVERSION = YES;
				GCC_WARN_ABOUT_RETURN_TYPE = YES_ERROR;
				GCC_WARN_UNDECLARED_SELECTOR = YES;
				GCC_WARN_UNINITIALIZED_AUTOS = YES_AGGRESSIVE;
				GCC_WARN_UNUSED_FUNCTION = YES;
				GCC_WARN_UNUSED_VARIABLE = YES;
				IPHONEOS_DEPLOYMENT_TARGET = 13.6;
				MTL_ENABLE_DEBUG_INFO = INCLUDE_SOURCE;
				MTL_FAST_MATH = YES;
				ONLY_ACTIVE_ARCH = YES;
				SDKROOT = iphoneos;
				SWIFT_ACTIVE_COMPILATION_CONDITIONS = DEBUG;
				SWIFT_OPTIMIZATION_LEVEL = "-Onone";
			};
			name = Debug;
		};
		23CFA36824CA09FF00A922CA /* Release */ = {
			isa = XCBuildConfiguration;
			buildSettings = {
				ALWAYS_SEARCH_USER_PATHS = NO;
				CLANG_ANALYZER_NONNULL = YES;
				CLANG_ANALYZER_NUMBER_OBJECT_CONVERSION = YES_AGGRESSIVE;
				CLANG_CXX_LANGUAGE_STANDARD = "gnu++14";
				CLANG_CXX_LIBRARY = "libc++";
				CLANG_ENABLE_MODULES = YES;
				CLANG_ENABLE_OBJC_ARC = YES;
				CLANG_ENABLE_OBJC_WEAK = YES;
				CLANG_WARN_BLOCK_CAPTURE_AUTORELEASING = YES;
				CLANG_WARN_BOOL_CONVERSION = YES;
				CLANG_WARN_COMMA = YES;
				CLANG_WARN_CONSTANT_CONVERSION = YES;
				CLANG_WARN_DEPRECATED_OBJC_IMPLEMENTATIONS = YES;
				CLANG_WARN_DIRECT_OBJC_ISA_USAGE = YES_ERROR;
				CLANG_WARN_DOCUMENTATION_COMMENTS = YES;
				CLANG_WARN_EMPTY_BODY = YES;
				CLANG_WARN_ENUM_CONVERSION = YES;
				CLANG_WARN_INFINITE_RECURSION = YES;
				CLANG_WARN_INT_CONVERSION = YES;
				CLANG_WARN_NON_LITERAL_NULL_CONVERSION = YES;
				CLANG_WARN_OBJC_IMPLICIT_RETAIN_SELF = YES;
				CLANG_WARN_OBJC_LITERAL_CONVERSION = YES;
				CLANG_WARN_OBJC_ROOT_CLASS = YES_ERROR;
				CLANG_WARN_RANGE_LOOP_ANALYSIS = YES;
				CLANG_WARN_STRICT_PROTOTYPES = YES;
				CLANG_WARN_SUSPICIOUS_MOVE = YES;
				CLANG_WARN_UNGUARDED_AVAILABILITY = YES_AGGRESSIVE;
				CLANG_WARN_UNREACHABLE_CODE = YES;
				CLANG_WARN__DUPLICATE_METHOD_MATCH = YES;
				COPY_PHASE_STRIP = NO;
				DEBUG_INFORMATION_FORMAT = "dwarf-with-dsym";
				ENABLE_NS_ASSERTIONS = NO;
				ENABLE_STRICT_OBJC_MSGSEND = YES;
				GCC_C_LANGUAGE_STANDARD = gnu11;
				GCC_NO_COMMON_BLOCKS = YES;
				GCC_WARN_64_TO_32_BIT_CONVERSION = YES;
				GCC_WARN_ABOUT_RETURN_TYPE = YES_ERROR;
				GCC_WARN_UNDECLARED_SELECTOR = YES;
				GCC_WARN_UNINITIALIZED_AUTOS = YES_AGGRESSIVE;
				GCC_WARN_UNUSED_FUNCTION = YES;
				GCC_WARN_UNUSED_VARIABLE = YES;
				IPHONEOS_DEPLOYMENT_TARGET = 13.6;
				MTL_ENABLE_DEBUG_INFO = NO;
				MTL_FAST_MATH = YES;
				SDKROOT = iphoneos;
				SWIFT_COMPILATION_MODE = wholemodule;
				SWIFT_OPTIMIZATION_LEVEL = "-O";
				VALIDATE_PRODUCT = YES;
			};
			name = Release;
		};
		23CFA36A24CA09FF00A922CA /* Debug */ = {
			isa = XCBuildConfiguration;
			buildSettings = {
				ASSETCATALOG_COMPILER_APPICON_NAME = AppIcon;
				CODE_SIGN_STYLE = Automatic;
				DEVELOPMENT_ASSET_PATHS = "\"CoreDataFun/Preview Content\"";
				DEVELOPMENT_TEAM = X5N98R7CWN;
				ENABLE_PREVIEWS = YES;
				INFOPLIST_FILE = CoreDataFun/Info.plist;
				LD_RUNPATH_SEARCH_PATHS = (
					"$(inherited)",
					"@executable_path/Frameworks",
				);
				PRODUCT_BUNDLE_IDENTIFIER = biz.cal30.CoreDataFun;
				PRODUCT_NAME = "$(TARGET_NAME)";
				SWIFT_VERSION = 5.0;
				TARGETED_DEVICE_FAMILY = "1,2";
			};
			name = Debug;
		};
		23CFA36B24CA09FF00A922CA /* Release */ = {
			isa = XCBuildConfiguration;
			buildSettings = {
				ASSETCATALOG_COMPILER_APPICON_NAME = AppIcon;
				CODE_SIGN_STYLE = Automatic;
				DEVELOPMENT_ASSET_PATHS = "\"CoreDataFun/Preview Content\"";
				DEVELOPMENT_TEAM = X5N98R7CWN;
				ENABLE_PREVIEWS = YES;
				INFOPLIST_FILE = CoreDataFun/Info.plist;
				LD_RUNPATH_SEARCH_PATHS = (
					"$(inherited)",
					"@executable_path/Frameworks",
				);
				PRODUCT_BUNDLE_IDENTIFIER = biz.cal30.CoreDataFun;
				PRODUCT_NAME = "$(TARGET_NAME)";
				SWIFT_VERSION = 5.0;
				TARGETED_DEVICE_FAMILY = "1,2";
			};
			name = Release;
		};
/* End XCBuildConfiguration section */

/* Begin XCConfigurationList section */
		23CFA34D24CA09FE00A922CA /* Build configuration list for PBXProject "CoreDataFun" */ = {
			isa = XCConfigurationList;
			buildConfigurations = (
				23CFA36724CA09FF00A922CA /* Debug */,
				23CFA36824CA09FF00A922CA /* Release */,
			);
			defaultConfigurationIsVisible = 0;
			defaultConfigurationName = Release;
		};
		23CFA36924CA09FF00A922CA /* Build configuration list for PBXNativeTarget "CoreDataFun" */ = {
			isa = XCConfigurationList;
			buildConfigurations = (
				23CFA36A24CA09FF00A922CA /* Debug */,
				23CFA36B24CA09FF00A922CA /* Release */,
			);
			defaultConfigurationIsVisible = 0;
			defaultConfigurationName = Release;
		};
/* End XCConfigurationList section */

/* Begin XCVersionGroup section */
		23CFA35924CA09FE00A922CA /* CoreDataFun.xcdatamodeld */ = {
			isa = XCVersionGroup;
			children = (
				23CFA35A24CA09FE00A922CA /* CoreDataFun.xcdatamodel */,
			);
			currentVersion = 23CFA35A24CA09FE00A922CA /* CoreDataFun.xcdatamodel */;
			path = CoreDataFun.xcdatamodeld;
			sourceTree = "<group>";
			versionGroupType = wrapper.xcdatamodel;
		};
/* End XCVersionGroup section */
	};
	rootObject = 23CFA34A24CA09FE00A922CA /* Project object */;
}
